<?xml version="1.0" encoding="utf-8"?>
<Project ToolsVersion="4.0" xmlns="http://schemas.microsoft.com/developer/msbuild/2003">
  <ItemGroup>
    <Filter Include="Archivos de origen">
      <UniqueIdentifier>{4FC737F1-C7A5-4376-A066-2A32D752A2FF}</UniqueIdentifier>
      <Extensions>cpp;c;cc;cxx;c++;cppm;ixx;def;odl;idl;hpj;bat;asm;asmx</Extensions>
    </Filter>
    <Filter Include="Archivos de encabezado">
      <UniqueIdentifier>{93995380-89BD-4b04-88EB-625FBE52EBFB}</UniqueIdentifier>
      <Extensions>h;hh;hpp;hxx;h++;hm;inl;inc;ipp;xsd</Extensions>
    </Filter>
    <Filter Include="Archivos de recursos">
      <UniqueIdentifier>{67DA6AB6-F800-4c08-8B7A-83BB121AAD01}</UniqueIdentifier>
      <Extensions>rc;ico;cur;bmp;dlg;rc2;rct;bin;rgs;gif;jpg;jpeg;jpe;resx;tiff;tif;png;wav;mfcribbon-ms</Extensions>
    </Filter>
  </ItemGroup>
  <ItemGroup>
    <ClCompile Include="main.cpp">
      <Filter>Archivos de recursos</Filter>
    </ClCompile>
    <ClCompile Include="Casilla.cpp">
      <Filter>Archivos de recursos</Filter>
    </ClCompile>
    <ClCompile Include="Mapa.cpp">
      <Filter>Archivos de recursos</Filter>
    </ClCompile>
    <ClCompile Include="Torre.cpp">
      <Filter>Archivos de recursos</Filter>
    </ClCompile>
    <ClCompile Include="SelectorTorre.cpp">
      <Filter>Archivos de recursos</Filter>
    </ClCompile>
    <ClCompile Include="MensajeTemporal.cpp">
      <Filter>Archivos de recursos</Filter>
    </ClCompile>
    <ClCompile Include="TorreConSprite.cpp">
      <Filter>Archivos de recursos</Filter>
    </ClCompile>
    <ClCompile Include="PanelEstadisticas.cpp">
      <Filter>Archivos de recursos</Filter>
    </ClCompile>
    <ClCompile Include="PanelMejora.cpp">
      <Filter>Archivos de recursos</Filter>
    </ClCompile>
  </ItemGroup>
  <ItemGroup>
    <ClInclude Include="Casilla.h">
      <Filter>Archivos de recursos</Filter>
    </ClInclude>
    <ClInclude Include="Mapa.h">
      <Filter>Archivos de recursos</Filter>
    </ClInclude>
    <ClInclude Include="Nodo.h">
      <Filter>Archivos de recursos</Filter>
    </ClInclude>
    <ClInclude Include="estadoCasilla.h">
      <Filter>Archivos de recursos</Filter>
    </ClInclude>
    <ClInclude Include="Torre.h">
      <Filter>Archivos de recursos</Filter>
    </ClInclude>
    <ClInclude Include="TipoTorre.h">
      <Filter>Archivos de recursos</Filter>
    </ClInclude>
    <ClInclude Include="TorreFactory.h">
      <Filter>Archivos de recursos</Filter>
    </ClInclude>
    <ClInclude Include="TorreConTipo.h">
      <Filter>Archivos de recursos</Filter>
    </ClInclude>
    <ClInclude Include="SelectorTorre.h">
      <Filter>Archivos de recursos</Filter>
    </ClInclude>
    <ClInclude Include="MensajeTemporal.h">
      <Filter>Archivos de recursos</Filter>
    </ClInclude>
    <ClInclude Include="TorreConSprite.h">
      <Filter>Archivos de recursos</Filter>
    </ClInclude>
    <ClInclude Include="PanelEstadisticas.h">
      <Filter>Archivos de recursos</Filter>
    </ClInclude>
    <ClInclude Include="PanelMejora.h">
      <Filter>Archivos de recursos</Filter>
    </ClInclude>
  </ItemGroup>
</Project>